{
  "name": "codegen",
  "version": "1.0.0",
  "lockfileVersion": 3,
  "requires": true,
  "packages": {
    "": {
      "name": "codegen",
      "version": "1.0.0",
      "license": "ISC",
      "dependencies": {
        "@solidity-parser/parser": "^0.16.2"
      }
    },
    "node_modules/@solidity-parser/parser": {
      "version": "0.16.2",
      "resolved": "https://registry.npmjs.org/@solidity-parser/parser/-/parser-0.16.2.tgz",
      "integrity": "sha512-PI9NfoA3P8XK2VBkK5oIfRgKDsicwDZfkVq9ZTBCQYGOP1N2owgY2dyLGyU5/J/hQs8KRk55kdmvTLjy3Mu3vg==",
      "dependencies": {
        "antlr4ts": "^0.5.0-alpha.4"
      }
    },
    "node_modules/antlr4ts": {
      "version": "0.5.0-alpha.4",
      "resolved": "https://registry.npmjs.org/antlr4ts/-/antlr4ts-0.5.0-alpha.4.tgz",
      "integrity": "sha512-WPQDt1B74OfPv/IMS2ekXAKkTZIHl88uMetg6q3OTqgFxZ/dxDXI0EWLyZid/1Pe6hTftyg5N7gel5wNAGxXyQ=="
    }
  }
}
